Microsoft Visual Studio Solution File, Format Version 12.00
# Visual Studio Version 17
VisualStudioVersion = 17.5.2.0
MinimumVisualStudioVersion = 10.0.40219.1
Project("{FAE04EC0-301F-11D3-BF4B-00C04F79EFBC}") = "ShopInstallment", "ShopInstallment.csproj", "{9F631E2F-E5D4-C317-097C-1E37BC038E07}"
EndProject
Global
	GlobalSection(SolutionConfigurationPlatforms) = preSolution
		Debug|Any CPU = Debug|Any CPU
		Release|Any CPU = Release|Any CPU
	EndGlobalSection
	GlobalSection(ProjectConfigurationPlatforms) = postSolution
		{9F631E2F-E5D4-C317-097C-1E37BC038E07}.Debug|Any CPU.ActiveCfg = Debug|Any CPU
		{9F631E2F-E5D4-C317-097C-1E37BC038E07}.Debug|Any CPU.Build.0 = Debug|Any CPU
		{9F631E2F-E5D4-C317-097C-1E37BC038E07}.Release|Any CPU.ActiveCfg = Release|Any CPU
		{9F631E2F-E5D4-C317-097C-1E37BC038E07}.Release|Any CPU.Build.0 = Release|Any CPU
	EndGlobalSection
	GlobalSection(SolutionProperties) = preSolution
		HideSolutionNode = FALSE
	EndGlobalSection
	GlobalSection(ExtensibilityGlobals) = postSolution
		SolutionGuid = {E708941C-8848-4273-B9BB-E6C002E5851D}
	EndGlobalSection
EndGlobal
